
Microsoft Visual Studio Solution File, Format Version 12.00
# Visual Studio Version 17
VisualStudioVersion = 17.14.36414.22
MinimumVisualStudioVersion = 10.0.40219.1
Project("{FAE04EC0-301F-11D3-BF4B-00C04F79EFBC}") = "GUI", "GUI.csproj", "{CDC2D7B2-B2F9-497C-A1FD-38C252DF6980}"
EndProject
Project("{FAE04EC0-301F-11D3-BF4B-00C04F79EFBC}") = "BE", "..\BE\BE.csproj", "{06C096CE-AE09-321A-1FF3-1F3C28B66B20}"
EndProject
Project("{FAE04EC0-301F-11D3-BF4B-00C04F79EFBC}") = "BLL", "..\BLL\BLL.csproj", "{5DC26196-D04A-9119-EA64-07214DDE2CFD}"
EndProject
Project("{FAE04EC0-301F-11D3-BF4B-00C04F79EFBC}") = "ORM", "..\ORM\ORM.csproj", "{97D4515B-9C08-76A9-D268-07863BA8901D}"
EndProject
Project("{FAE04EC0-301F-11D3-BF4B-00C04F79EFBC}") = "Syncfusion", "..\Syncfusion\Syncfusion.csproj", "{554B434B-6139-F4C9-E423-1428C6E01BDA}"
EndProject
Project("{FAE04EC0-301F-11D3-BF4B-00C04F79EFBC}") = "VALIDACION", "..\VALIDACION\VALIDACION.csproj", "{0190A7D1-87BF-74CC-489E-CCE32B168B67}"
EndProject
Project("{FAE04EC0-301F-11D3-BF4B-00C04F79EFBC}") = "VISTA", "..\VISTA\VISTA.csproj", "{0A80AC07-162A-4F51-32E8-979DABC6F2DA}"
EndProject
Global
	GlobalSection(SolutionConfigurationPlatforms) = preSolution
		Debug|Any CPU = Debug|Any CPU
		Release|Any CPU = Release|Any CPU
	EndGlobalSection
	GlobalSection(ProjectConfigurationPlatforms) = postSolution
		{CDC2D7B2-B2F9-497C-A1FD-38C252DF6980}.Debug|Any CPU.ActiveCfg = Debug|Any CPU
		{CDC2D7B2-B2F9-497C-A1FD-38C252DF6980}.Debug|Any CPU.Build.0 = Debug|Any CPU
		{CDC2D7B2-B2F9-497C-A1FD-38C252DF6980}.Release|Any CPU.ActiveCfg = Release|Any CPU
		{CDC2D7B2-B2F9-497C-A1FD-38C252DF6980}.Release|Any CPU.Build.0 = Release|Any CPU
		{06C096CE-AE09-321A-1FF3-1F3C28B66B20}.Debug|Any CPU.ActiveCfg = Debug|Any CPU
		{06C096CE-AE09-321A-1FF3-1F3C28B66B20}.Debug|Any CPU.Build.0 = Debug|Any CPU
		{06C096CE-AE09-321A-1FF3-1F3C28B66B20}.Release|Any CPU.ActiveCfg = Release|Any CPU
		{06C096CE-AE09-321A-1FF3-1F3C28B66B20}.Release|Any CPU.Build.0 = Release|Any CPU
		{5DC26196-D04A-9119-EA64-07214DDE2CFD}.Debug|Any CPU.ActiveCfg = Debug|Any CPU
		{5DC26196-D04A-9119-EA64-07214DDE2CFD}.Debug|Any CPU.Build.0 = Debug|Any CPU
		{5DC26196-D04A-9119-EA64-07214DDE2CFD}.Release|Any CPU.ActiveCfg = Release|Any CPU
		{5DC26196-D04A-9119-EA64-07214DDE2CFD}.Release|Any CPU.Build.0 = Release|Any CPU
		{97D4515B-9C08-76A9-D268-07863BA8901D}.Debug|Any CPU.ActiveCfg = Debug|Any CPU
		{97D4515B-9C08-76A9-D268-07863BA8901D}.Debug|Any CPU.Build.0 = Debug|Any CPU
		{97D4515B-9C08-76A9-D268-07863BA8901D}.Release|Any CPU.ActiveCfg = Release|Any CPU
		{97D4515B-9C08-76A9-D268-07863BA8901D}.Release|Any CPU.Build.0 = Release|Any CPU
		{554B434B-6139-F4C9-E423-1428C6E01BDA}.Debug|Any CPU.ActiveCfg = Debug|Any CPU
		{554B434B-6139-F4C9-E423-1428C6E01BDA}.Debug|Any CPU.Build.0 = Debug|Any CPU
		{554B434B-6139-F4C9-E423-1428C6E01BDA}.Release|Any CPU.ActiveCfg = Release|Any CPU
		{554B434B-6139-F4C9-E423-1428C6E01BDA}.Release|Any CPU.Build.0 = Release|Any CPU
		{0190A7D1-87BF-74CC-489E-CCE32B168B67}.Debug|Any CPU.ActiveCfg = Debug|Any CPU
		{0190A7D1-87BF-74CC-489E-CCE32B168B67}.Debug|Any CPU.Build.0 = Debug|Any CPU
		{0190A7D1-87BF-74CC-489E-CCE32B168B67}.Release|Any CPU.ActiveCfg = Release|Any CPU
		{0190A7D1-87BF-74CC-489E-CCE32B168B67}.Release|Any CPU.Build.0 = Release|Any CPU
		{0A80AC07-162A-4F51-32E8-979DABC6F2DA}.Debug|Any CPU.ActiveCfg = Debug|Any CPU
		{0A80AC07-162A-4F51-32E8-979DABC6F2DA}.Debug|Any CPU.Build.0 = Debug|Any CPU
		{0A80AC07-162A-4F51-32E8-979DABC6F2DA}.Release|Any CPU.ActiveCfg = Release|Any CPU
		{0A80AC07-162A-4F51-32E8-979DABC6F2DA}.Release|Any CPU.Build.0 = Release|Any CPU
	EndGlobalSection
	GlobalSection(SolutionProperties) = preSolution
		HideSolutionNode = FALSE
	EndGlobalSection
	GlobalSection(ExtensibilityGlobals) = postSolution
		SolutionGuid = {2305D56A-2E69-4012-9793-2EB8B7C277B0}
	EndGlobalSection
EndGlobal
